
Microsoft Visual Studio Solution File, Format Version 12.00
# Visual Studio Version 16
VisualStudioVersion = 16.0.30011.22
MinimumVisualStudioVersion = 10.0.40219.1
Project("{FAE04EC0-301F-11D3-BF4B-00C04F79EFBC}") = "LivingArrangement_TTS", "LivingArrangement_TTS.csproj", "{F881C99F-C8A3-4DD9-9115-8D3FC51B3546}"
EndProject
Project("{9A19103F-16F7-4668-BE54-9A1E7A4F7556}") = "LivingArrangement_TTSML.Model", "..\LivingArrangement_TTSML.Model\LivingArrangement_TTSML.Model.csproj", "{49F6EA0B-189F-4289-918C-728692A17499}"
EndProject
Project("{9A19103F-16F7-4668-BE54-9A1E7A4F7556}") = "LivingArrangement_TTSML.ConsoleApp", "..\LivingArrangement_TTSML.ConsoleApp\LivingArrangement_TTSML.ConsoleApp.csproj", "{382FEB9A-F955-4359-8D20-C6A31C7C88E5}"
EndProject
Global
	GlobalSection(SolutionConfigurationPlatforms) = preSolution
		Debug|Any CPU = Debug|Any CPU
		Release|Any CPU = Release|Any CPU
	EndGlobalSection
	GlobalSection(ProjectConfigurationPlatforms) = postSolution
		{F881C99F-C8A3-4DD9-9115-8D3FC51B3546}.Debug|Any CPU.ActiveCfg = Debug|Any CPU
		{F881C99F-C8A3-4DD9-9115-8D3FC51B3546}.Debug|Any CPU.Build.0 = Debug|Any CPU
		{F881C99F-C8A3-4DD9-9115-8D3FC51B3546}.Release|Any CPU.ActiveCfg = Release|Any CPU
		{F881C99F-C8A3-4DD9-9115-8D3FC51B3546}.Release|Any CPU.Build.0 = Release|Any CPU
		{49F6EA0B-189F-4289-918C-728692A17499}.Debug|Any CPU.ActiveCfg = Debug|Any CPU
		{49F6EA0B-189F-4289-918C-728692A17499}.Debug|Any CPU.Build.0 = Debug|Any CPU
		{49F6EA0B-189F-4289-918C-728692A17499}.Release|Any CPU.ActiveCfg = Release|Any CPU
		{49F6EA0B-189F-4289-918C-728692A17499}.Release|Any CPU.Build.0 = Release|Any CPU
		{382FEB9A-F955-4359-8D20-C6A31C7C88E5}.Debug|Any CPU.ActiveCfg = Debug|Any CPU
		{382FEB9A-F955-4359-8D20-C6A31C7C88E5}.Debug|Any CPU.Build.0 = Debug|Any CPU
		{382FEB9A-F955-4359-8D20-C6A31C7C88E5}.Release|Any CPU.ActiveCfg = Release|Any CPU
		{382FEB9A-F955-4359-8D20-C6A31C7C88E5}.Release|Any CPU.Build.0 = Release|Any CPU
	EndGlobalSection
	GlobalSection(SolutionProperties) = preSolution
		HideSolutionNode = FALSE
	EndGlobalSection
	GlobalSection(ExtensibilityGlobals) = postSolution
		SolutionGuid = {89E5F94C-2812-4405-A3B1-3CD9B08CCE5D}
	EndGlobalSection
EndGlobal
